
Microsoft Visual Studio Solution File, Format Version 12.00
# Visual Studio Version 17
VisualStudioVersion = 17.8.34408.163
MinimumVisualStudioVersion = 10.0.40219.1
Project("{FAE04EC0-301F-11D3-BF4B-00C04F79EFBC}") = "STOCKW", "STOCKW\STOCKW.csproj", "{C7334DF3-8FBE-4A83-A491-3341A00AAC97}"
EndProject
Global
	GlobalSection(SolutionConfigurationPlatforms) = preSolution
		Debug|Any CPU = Debug|Any CPU
		Release|Any CPU = Release|Any CPU
	EndGlobalSection
	GlobalSection(ProjectConfigurationPlatforms) = postSolution
		{C7334DF3-8FBE-4A83-A491-3341A00AAC97}.Debug|Any CPU.ActiveCfg = Debug|Any CPU
		{C7334DF3-8FBE-4A83-A491-3341A00AAC97}.Debug|Any CPU.Build.0 = Debug|Any CPU
		{C7334DF3-8FBE-4A83-A491-3341A00AAC97}.Release|Any CPU.ActiveCfg = Release|Any CPU
		{C7334DF3-8FBE-4A83-A491-3341A00AAC97}.Release|Any CPU.Build.0 = Release|Any CPU
	EndGlobalSection
	GlobalSection(SolutionProperties) = preSolution
		HideSolutionNode = FALSE
	EndGlobalSection
	GlobalSection(ExtensibilityGlobals) = postSolution
		SolutionGuid = {DFCB4C01-E867-427F-B6D7-470E0CCCEDCD}
	EndGlobalSection
EndGlobal
